# Code generated by scarb DO NOT EDIT.
version = 1

[[package]]
name = "cngn"
version = "0.1.0"
dependencies = [
 "openzeppelin_access",
 "openzeppelin_interfaces",
 "openzeppelin_security",
 "openzeppelin_token",
 "snforge_std",
]

[[package]]
name = "openzeppelin_access"
version = "3.0.0-alpha.2"
source = "git+https://github.com/OpenZeppelin/cairo-contracts.git?tag=v3.0.0-alpha.2#0e51722f231c0913915945d3df89e43cbb5cfc38"
dependencies = [
 "openzeppelin_interfaces",
 "openzeppelin_introspection",
]

[[package]]
name = "openzeppelin_account"
version = "3.0.0-alpha.2"
source = "git+https://github.com/OpenZeppelin/cairo-contracts.git?tag=v3.0.0-alpha.2#0e51722f231c0913915945d3df89e43cbb5cfc38"
dependencies = [
 "openzeppelin_interfaces",
 "openzeppelin_introspection",
 "openzeppelin_utils",
]

[[package]]
name = "openzeppelin_interfaces"
version = "2.1.0"
source = "git+https://github.com/OpenZeppelin/cairo-contracts.git?tag=v3.0.0-alpha.2#0e51722f231c0913915945d3df89e43cbb5cfc38"

[[package]]
name = "openzeppelin_introspection"
version = "3.0.0-alpha.2"
source = "git+https://github.com/OpenZeppelin/cairo-contracts.git?tag=v3.0.0-alpha.2#0e51722f231c0913915945d3df89e43cbb5cfc38"
dependencies = [
 "openzeppelin_interfaces",
]

[[package]]
name = "openzeppelin_security"
version = "3.0.0-alpha.2"
source = "git+https://github.com/OpenZeppelin/cairo-contracts.git?tag=v3.0.0-alpha.2#0e51722f231c0913915945d3df89e43cbb5cfc38"
dependencies = [
 "openzeppelin_interfaces",
]

[[package]]
name = "openzeppelin_token"
version = "3.0.0-alpha.2"
source = "git+https://github.com/OpenZeppelin/cairo-contracts.git?tag=v3.0.0-alpha.2#0e51722f231c0913915945d3df89e43cbb5cfc38"
dependencies = [
 "openzeppelin_access",
 "openzeppelin_account",
 "openzeppelin_interfaces",
 "openzeppelin_introspection",
 "openzeppelin_utils",
]

[[package]]
name = "openzeppelin_utils"
version = "3.0.0-alpha.2"
source = "git+https://github.com/OpenZeppelin/cairo-contracts.git?tag=v3.0.0-alpha.2#0e51722f231c0913915945d3df89e43cbb5cfc38"
dependencies = [
 "openzeppelin_interfaces",
]

[[package]]
name = "snforge_scarb_plugin"
version = "0.51.2"
source = "registry+https://scarbs.xyz/"
checksum = "sha256:7b94edb0a94b93915200275076c29ef8266f4b870ffda04360cf36bc3b5e67cc"

[[package]]
name = "snforge_std"
version = "0.51.2"
source = "registry+https://scarbs.xyz/"
checksum = "sha256:d7287b7e9c826ee560788a7a9b808a2a0454977ac4111bd3c1bcb3c7c5f01040"
dependencies = [
 "snforge_scarb_plugin",
]
