{
  "lib/forge-std": {
    "tag": {
      "name": "v1.14.0",
      "rev": "1801b0541f4fda118a10798fd3486bb7051c5dd6"
    }
  },
  "lib/openzeppelin-contracts": {
    "tag": {
      "name": "v4.9.6",
      "rev": "dc44c9f1a4c3b10af99492eed84f83ed244203f6"
    }
  },
  "lib/openzeppelin-contracts-upgradeable": {
    "tag": {
      "name": "v4.8.0-rc.1",
      "rev": "5b9af35fedc3d58802bded917193b55aa068a2ca"
    }
  }
}